
Microsoft Visual Studio Solution File, Format Version 12.00
# Visual Studio 15
VisualStudioVersion = 15.0.27004.2005
MinimumVisualStudioVersion = 10.0.40219.1
Project("{8BC9CEB8-8B4A-11D0-8D11-00A0C91BC942}") = "RedisServer", "RedisServer.vcxproj", "{46842776-68A5-EC98-6A09-1859BBFC73AA}"
	ProjectSection(ProjectDependencies) = postProject
		{170B0909-5F75-467F-9501-C99DEC16C6DC} = {170B0909-5F75-467F-9501-C99DEC16C6DC}
		{13E85053-54B3-487B-8DDB-3430B1C1B3BF} = {13E85053-54B3-487B-8DDB-3430B1C1B3BF}
		{392BBB91-3934-4A56-AF42-65C5728311E8} = {392BBB91-3934-4A56-AF42-65C5728311E8}
		{B00D4BB5-44DE-405E-839C-D16F547006CF} = {B00D4BB5-44DE-405E-839C-D16F547006CF}
	EndProjectSection
EndProject
Project("{8BC9CEB8-8B4A-11D0-8D11-00A0C91BC942}") = "hiredis", "hiredis\hiredis.vcxproj", "{13E85053-54B3-487B-8DDB-3430B1C1B3BF}"
EndProject
Project("{8BC9CEB8-8B4A-11D0-8D11-00A0C91BC942}") = "RedisBenchmark", "RedisBenchmark\RedisBenchmark.vcxproj", "{B00D4BB5-44DE-405E-839C-D16F547006CF}"
	ProjectSection(ProjectDependencies) = postProject
		{13E85053-54B3-487B-8DDB-3430B1C1B3BF} = {13E85053-54B3-487B-8DDB-3430B1C1B3BF}
	EndProjectSection
EndProject
Project("{8BC9CEB8-8B4A-11D0-8D11-00A0C91BC942}") = "RedisCli", "RedisCli\RedisCli.vcxproj", "{392BBB91-3934-4A56-AF42-65C5728311E8}"
	ProjectSection(ProjectDependencies) = postProject
		{13E85053-54B3-487B-8DDB-3430B1C1B3BF} = {13E85053-54B3-487B-8DDB-3430B1C1B3BF}
	EndProjectSection
EndProject
Project("{8BC9CEB8-8B4A-11D0-8D11-00A0C91BC942}") = "lua", "lua\lua\lua.vcxproj", "{170B0909-5F75-467F-9501-C99DEC16C6DC}"
EndProject
Project("{8BC9CEB8-8B4A-11D0-8D11-00A0C91BC942}") = "Win32_Interop", "..\src\Win32_Interop\Win32_Interop.vcxproj", "{8C07F811-C81C-432C-B334-1AE6FAECF951}"
EndProject
Project("{8BC9CEB8-8B4A-11D0-8D11-00A0C91BC942}") = "jemalloc", "..\deps\jemalloc-win\msvc\projects\vc2017\jemalloc\jemalloc.vcxproj", "{8D6BB292-9E1C-413D-9F98-4864BDC1514A}"
EndProject
Global
	GlobalSection(SolutionConfigurationPlatforms) = preSolution
		Debug|Mixed Platforms = Debug|Mixed Platforms
		Debug|Win32 = Debug|Win32
		Debug|x64 = Debug|x64
		Debug|x86 = Debug|x86
		Debug-static|Mixed Platforms = Debug-static|Mixed Platforms
		Debug-static|Win32 = Debug-static|Win32
		Debug-static|x64 = Debug-static|x64
		Debug-static|x86 = Debug-static|x86
		Release|Mixed Platforms = Release|Mixed Platforms
		Release|Win32 = Release|Win32
		Release|x64 = Release|x64
		Release|x86 = Release|x86
		Release-static|Mixed Platforms = Release-static|Mixed Platforms
		Release-static|Win32 = Release-static|Win32
		Release-static|x64 = Release-static|x64
		Release-static|x86 = Release-static|x86
	EndGlobalSection
	GlobalSection(ProjectConfigurationPlatforms) = postSolution
		{46842776-68A5-EC98-6A09-1859BBFC73AA}.Debug|Mixed Platforms.ActiveCfg = Release|Win32
		{46842776-68A5-EC98-6A09-1859BBFC73AA}.Debug|Mixed Platforms.Build.0 = Release|Win32
		{46842776-68A5-EC98-6A09-1859BBFC73AA}.Debug|Win32.ActiveCfg = Debug|Win32
		{46842776-68A5-EC98-6A09-1859BBFC73AA}.Debug|Win32.Build.0 = Debug|Win32
		{46842776-68A5-EC98-6A09-1859BBFC73AA}.Debug|x64.ActiveCfg = Debug|x64
		{46842776-68A5-EC98-6A09-1859BBFC73AA}.Debug|x64.Build.0 = Debug|x64
		{46842776-68A5-EC98-6A09-1859BBFC73AA}.Debug|x86.ActiveCfg = Debug|Win32
		{46842776-68A5-EC98-6A09-1859BBFC73AA}.Debug|x86.Build.0 = Debug|Win32
		{46842776-68A5-EC98-6A09-1859BBFC73AA}.Debug-static|Mixed Platforms.ActiveCfg = Debug|Win32
		{46842776-68A5-EC98-6A09-1859BBFC73AA}.Debug-static|Mixed Platforms.Build.0 = Debug|Win32
		{46842776-68A5-EC98-6A09-1859BBFC73AA}.Debug-static|Win32.ActiveCfg = Debug|Win32
		{46842776-68A5-EC98-6A09-1859BBFC73AA}.Debug-static|Win32.Build.0 = Debug|Win32
		{46842776-68A5-EC98-6A09-1859BBFC73AA}.Debug-static|x64.ActiveCfg = Debug|x64
		{46842776-68A5-EC98-6A09-1859BBFC73AA}.Debug-static|x64.Build.0 = Debug|x64
		{46842776-68A5-EC98-6A09-1859BBFC73AA}.Debug-static|x86.ActiveCfg = Debug|Win32
		{46842776-68A5-EC98-6A09-1859BBFC73AA}.Debug-static|x86.Build.0 = Debug|Win32
		{46842776-68A5-EC98-6A09-1859BBFC73AA}.Release|Mixed Platforms.ActiveCfg = Release|Win32
		{46842776-68A5-EC98-6A09-1859BBFC73AA}.Release|Mixed Platforms.Build.0 = Release|Win32
		{46842776-68A5-EC98-6A09-1859BBFC73AA}.Release|Win32.ActiveCfg = Release|Win32
		{46842776-68A5-EC98-6A09-1859BBFC73AA}.Release|Win32.Build.0 = Release|Win32
		{46842776-68A5-EC98-6A09-1859BBFC73AA}.Release|x64.ActiveCfg = Release|x64
		{46842776-68A5-EC98-6A09-1859BBFC73AA}.Release|x64.Build.0 = Release|x64
		{46842776-68A5-EC98-6A09-1859BBFC73AA}.Release|x86.ActiveCfg = Release|Win32
		{46842776-68A5-EC98-6A09-1859BBFC73AA}.Release|x86.Build.0 = Release|Win32
		{46842776-68A5-EC98-6A09-1859BBFC73AA}.Release-static|Mixed Platforms.ActiveCfg = Release|Win32
		{46842776-68A5-EC98-6A09-1859BBFC73AA}.Release-static|Mixed Platforms.Build.0 = Release|Win32
		{46842776-68A5-EC98-6A09-1859BBFC73AA}.Release-static|Win32.ActiveCfg = Release|Win32
		{46842776-68A5-EC98-6A09-1859BBFC73AA}.Release-static|Win32.Build.0 = Release|Win32
		{46842776-68A5-EC98-6A09-1859BBFC73AA}.Release-static|x64.ActiveCfg = Release|x64
		{46842776-68A5-EC98-6A09-1859BBFC73AA}.Release-static|x64.Build.0 = Release|x64
		{46842776-68A5-EC98-6A09-1859BBFC73AA}.Release-static|x86.ActiveCfg = Release|Win32
		{46842776-68A5-EC98-6A09-1859BBFC73AA}.Release-static|x86.Build.0 = Release|Win32
		{13E85053-54B3-487B-8DDB-3430B1C1B3BF}.Debug|Mixed Platforms.ActiveCfg = Release|Win32
		{13E85053-54B3-487B-8DDB-3430B1C1B3BF}.Debug|Mixed Platforms.Build.0 = Release|Win32
		{13E85053-54B3-487B-8DDB-3430B1C1B3BF}.Debug|Win32.ActiveCfg = Debug|Win32
		{13E85053-54B3-487B-8DDB-3430B1C1B3BF}.Debug|Win32.Build.0 = Debug|Win32
		{13E85053-54B3-487B-8DDB-3430B1C1B3BF}.Debug|x64.ActiveCfg = Debug|x64
		{13E85053-54B3-487B-8DDB-3430B1C1B3BF}.Debug|x64.Build.0 = Debug|x64
		{13E85053-54B3-487B-8DDB-3430B1C1B3BF}.Debug|x86.ActiveCfg = Debug|Win32
		{13E85053-54B3-487B-8DDB-3430B1C1B3BF}.Debug|x86.Build.0 = Debug|Win32
		{13E85053-54B3-487B-8DDB-3430B1C1B3BF}.Debug-static|Mixed Platforms.ActiveCfg = Debug|Win32
		{13E85053-54B3-487B-8DDB-3430B1C1B3BF}.Debug-static|Mixed Platforms.Build.0 = Debug|Win32
		{13E85053-54B3-487B-8DDB-3430B1C1B3BF}.Debug-static|Win32.ActiveCfg = Debug|Win32
		{13E85053-54B3-487B-8DDB-3430B1C1B3BF}.Debug-static|Win32.Build.0 = Debug|Win32
		{13E85053-54B3-487B-8DDB-3430B1C1B3BF}.Debug-static|x64.ActiveCfg = Debug|x64
		{13E85053-54B3-487B-8DDB-3430B1C1B3BF}.Debug-static|x64.Build.0 = Debug|x64
		{13E85053-54B3-487B-8DDB-3430B1C1B3BF}.Debug-static|x86.ActiveCfg = Debug|Win32
		{13E85053-54B3-487B-8DDB-3430B1C1B3BF}.Debug-static|x86.Build.0 = Debug|Win32
		{13E85053-54B3-487B-8DDB-3430B1C1B3BF}.Release|Mixed Platforms.ActiveCfg = Release|Win32
		{13E85053-54B3-487B-8DDB-3430B1C1B3BF}.Release|Mixed Platforms.Build.0 = Release|Win32
		{13E85053-54B3-487B-8DDB-3430B1C1B3BF}.Release|Win32.ActiveCfg = Release|Win32
		{13E85053-54B3-487B-8DDB-3430B1C1B3BF}.Release|Win32.Build.0 = Release|Win32
		{13E85053-54B3-487B-8DDB-3430B1C1B3BF}.Release|x64.ActiveCfg = Release|x64
		{13E85053-54B3-487B-8DDB-3430B1C1B3BF}.Release|x64.Build.0 = Release|x64
		{13E85053-54B3-487B-8DDB-3430B1C1B3BF}.Release|x86.ActiveCfg = Release|Win32
		{13E85053-54B3-487B-8DDB-3430B1C1B3BF}.Release|x86.Build.0 = Release|Win32
		{13E85053-54B3-487B-8DDB-3430B1C1B3BF}.Release-static|Mixed Platforms.ActiveCfg = Release|Win32
		{13E85053-54B3-487B-8DDB-3430B1C1B3BF}.Release-static|Mixed Platforms.Build.0 = Release|Win32
		{13E85053-54B3-487B-8DDB-3430B1C1B3BF}.Release-static|Win32.ActiveCfg = Release|Win32
		{13E85053-54B3-487B-8DDB-3430B1C1B3BF}.Release-static|Win32.Build.0 = Release|Win32
		{13E85053-54B3-487B-8DDB-3430B1C1B3BF}.Release-static|x64.ActiveCfg = Release|x64
		{13E85053-54B3-487B-8DDB-3430B1C1B3BF}.Release-static|x64.Build.0 = Release|x64
		{13E85053-54B3-487B-8DDB-3430B1C1B3BF}.Release-static|x86.ActiveCfg = Release|Win32
		{13E85053-54B3-487B-8DDB-3430B1C1B3BF}.Release-static|x86.Build.0 = Release|Win32
		{B00D4BB5-44DE-405E-839C-D16F547006CF}.Debug|Mixed Platforms.ActiveCfg = Release|Win32
		{B00D4BB5-44DE-405E-839C-D16F547006CF}.Debug|Mixed Platforms.Build.0 = Release|Win32
		{B00D4BB5-44DE-405E-839C-D16F547006CF}.Debug|Win32.ActiveCfg = Debug|Win32
		{B00D4BB5-44DE-405E-839C-D16F547006CF}.Debug|Win32.Build.0 = Debug|Win32
		{B00D4BB5-44DE-405E-839C-D16F547006CF}.Debug|x64.ActiveCfg = Debug|x64
		{B00D4BB5-44DE-405E-839C-D16F547006CF}.Debug|x64.Build.0 = Debug|x64
		{B00D4BB5-44DE-405E-839C-D16F547006CF}.Debug|x86.ActiveCfg = Debug|Win32
		{B00D4BB5-44DE-405E-839C-D16F547006CF}.Debug|x86.Build.0 = Debug|Win32
		{B00D4BB5-44DE-405E-839C-D16F547006CF}.Debug-static|Mixed Platforms.ActiveCfg = Debug|Win32
		{B00D4BB5-44DE-405E-839C-D16F547006CF}.Debug-static|Mixed Platforms.Build.0 = Debug|Win32
		{B00D4BB5-44DE-405E-839C-D16F547006CF}.Debug-static|Win32.ActiveCfg = Debug|Win32
		{B00D4BB5-44DE-405E-839C-D16F547006CF}.Debug-static|Win32.Build.0 = Debug|Win32
		{B00D4BB5-44DE-405E-839C-D16F547006CF}.Debug-static|x64.ActiveCfg = Debug|x64
		{B00D4BB5-44DE-405E-839C-D16F547006CF}.Debug-static|x64.Build.0 = Debug|x64
		{B00D4BB5-44DE-405E-839C-D16F547006CF}.Debug-static|x86.ActiveCfg = Debug|Win32
		{B00D4BB5-44DE-405E-839C-D16F547006CF}.Debug-static|x86.Build.0 = Debug|Win32
		{B00D4BB5-44DE-405E-839C-D16F547006CF}.Release|Mixed Platforms.ActiveCfg = Release|Win32
		{B00D4BB5-44DE-405E-839C-D16F547006CF}.Release|Mixed Platforms.Build.0 = Release|Win32
		{B00D4BB5-44DE-405E-839C-D16F547006CF}.Release|Win32.ActiveCfg = Release|Win32
		{B00D4BB5-44DE-405E-839C-D16F547006CF}.Release|Win32.Build.0 = Release|Win32
		{B00D4BB5-44DE-405E-839C-D16F547006CF}.Release|x64.ActiveCfg = Release|x64
		{B00D4BB5-44DE-405E-839C-D16F547006CF}.Release|x64.Build.0 = Release|x64
		{B00D4BB5-44DE-405E-839C-D16F547006CF}.Release|x86.ActiveCfg = Release|Win32
		{B00D4BB5-44DE-405E-839C-D16F547006CF}.Release|x86.Build.0 = Release|Win32
		{B00D4BB5-44DE-405E-839C-D16F547006CF}.Release-static|Mixed Platforms.ActiveCfg = Release|Win32
		{B00D4BB5-44DE-405E-839C-D16F547006CF}.Release-static|Mixed Platforms.Build.0 = Release|Win32
		{B00D4BB5-44DE-405E-839C-D16F547006CF}.Release-static|Win32.ActiveCfg = Release|Win32
		{B00D4BB5-44DE-405E-839C-D16F547006CF}.Release-static|Win32.Build.0 = Release|Win32
		{B00D4BB5-44DE-405E-839C-D16F547006CF}.Release-static|x64.ActiveCfg = Release|x64
		{B00D4BB5-44DE-405E-839C-D16F547006CF}.Release-static|x64.Build.0 = Release|x64
		{B00D4BB5-44DE-405E-839C-D16F547006CF}.Release-static|x86.ActiveCfg = Release|Win32
		{B00D4BB5-44DE-405E-839C-D16F547006CF}.Release-static|x86.Build.0 = Release|Win32
		{392BBB91-3934-4A56-AF42-65C5728311E8}.Debug|Mixed Platforms.ActiveCfg = Release|Win32
		{392BBB91-3934-4A56-AF42-65C5728311E8}.Debug|Mixed Platforms.Build.0 = Release|Win32
		{392BBB91-3934-4A56-AF42-65C5728311E8}.Debug|Win32.ActiveCfg = Debug|Win32
		{392BBB91-3934-4A56-AF42-65C5728311E8}.Debug|Win32.Build.0 = Debug|Win32
		{392BBB91-3934-4A56-AF42-65C5728311E8}.Debug|x64.ActiveCfg = Debug|x64
		{392BBB91-3934-4A56-AF42-65C5728311E8}.Debug|x64.Build.0 = Debug|x64
		{392BBB91-3934-4A56-AF42-65C5728311E8}.Debug|x86.ActiveCfg = Debug|Win32
		{392BBB91-3934-4A56-AF42-65C5728311E8}.Debug|x86.Build.0 = Debug|Win32
		{392BBB91-3934-4A56-AF42-65C5728311E8}.Debug-static|Mixed Platforms.ActiveCfg = Debug|Win32
		{392BBB91-3934-4A56-AF42-65C5728311E8}.Debug-static|Mixed Platforms.Build.0 = Debug|Win32
		{392BBB91-3934-4A56-AF42-65C5728311E8}.Debug-static|Win32.ActiveCfg = Debug|Win32
		{392BBB91-3934-4A56-AF42-65C5728311E8}.Debug-static|Win32.Build.0 = Debug|Win32
		{392BBB91-3934-4A56-AF42-65C5728311E8}.Debug-static|x64.ActiveCfg = Debug|x64
		{392BBB91-3934-4A56-AF42-65C5728311E8}.Debug-static|x64.Build.0 = Debug|x64
		{392BBB91-3934-4A56-AF42-65C5728311E8}.Debug-static|x86.ActiveCfg = Debug|Win32
		{392BBB91-3934-4A56-AF42-65C5728311E8}.Debug-static|x86.Build.0 = Debug|Win32
		{392BBB91-3934-4A56-AF42-65C5728311E8}.Release|Mixed Platforms.ActiveCfg = Release|Win32
		{392BBB91-3934-4A56-AF42-65C5728311E8}.Release|Mixed Platforms.Build.0 = Release|Win32
		{392BBB91-3934-4A56-AF42-65C5728311E8}.Release|Win32.ActiveCfg = Release|Win32
		{392BBB91-3934-4A56-AF42-65C5728311E8}.Release|Win32.Build.0 = Release|Win32
		{392BBB91-3934-4A56-AF42-65C5728311E8}.Release|x64.ActiveCfg = Release|x64
		{392BBB91-3934-4A56-AF42-65C5728311E8}.Release|x64.Build.0 = Release|x64
		{392BBB91-3934-4A56-AF42-65C5728311E8}.Release|x86.ActiveCfg = Release|Win32
		{392BBB91-3934-4A56-AF42-65C5728311E8}.Release|x86.Build.0 = Release|Win32
		{392BBB91-3934-4A56-AF42-65C5728311E8}.Release-static|Mixed Platforms.ActiveCfg = Release|Win32
		{392BBB91-3934-4A56-AF42-65C5728311E8}.Release-static|Mixed Platforms.Build.0 = Release|Win32
		{392BBB91-3934-4A56-AF42-65C5728311E8}.Release-static|Win32.ActiveCfg = Release|Win32
		{392BBB91-3934-4A56-AF42-65C5728311E8}.Release-static|Win32.Build.0 = Release|Win32
		{392BBB91-3934-4A56-AF42-65C5728311E8}.Release-static|x64.ActiveCfg = Release|x64
		{392BBB91-3934-4A56-AF42-65C5728311E8}.Release-static|x64.Build.0 = Release|x64
		{392BBB91-3934-4A56-AF42-65C5728311E8}.Release-static|x86.ActiveCfg = Release|Win32
		{392BBB91-3934-4A56-AF42-65C5728311E8}.Release-static|x86.Build.0 = Release|Win32
		{170B0909-5F75-467F-9501-C99DEC16C6DC}.Debug|Mixed Platforms.ActiveCfg = Release|Win32
		{170B0909-5F75-467F-9501-C99DEC16C6DC}.Debug|Mixed Platforms.Build.0 = Release|Win32
		{170B0909-5F75-467F-9501-C99DEC16C6DC}.Debug|Win32.ActiveCfg = Debug|Win32
		{170B0909-5F75-467F-9501-C99DEC16C6DC}.Debug|Win32.Build.0 = Debug|Win32
		{170B0909-5F75-467F-9501-C99DEC16C6DC}.Debug|x64.ActiveCfg = Debug|x64
		{170B0909-5F75-467F-9501-C99DEC16C6DC}.Debug|x64.Build.0 = Debug|x64
		{170B0909-5F75-467F-9501-C99DEC16C6DC}.Debug|x86.ActiveCfg = Debug|Win32
		{170B0909-5F75-467F-9501-C99DEC16C6DC}.Debug|x86.Build.0 = Debug|Win32
		{170B0909-5F75-467F-9501-C99DEC16C6DC}.Debug-static|Mixed Platforms.ActiveCfg = Debug|Win32
		{170B0909-5F75-467F-9501-C99DEC16C6DC}.Debug-static|Mixed Platforms.Build.0 = Debug|Win32
		{170B0909-5F75-467F-9501-C99DEC16C6DC}.Debug-static|Win32.ActiveCfg = Debug|Win32
		{170B0909-5F75-467F-9501-C99DEC16C6DC}.Debug-static|Win32.Build.0 = Debug|Win32
		{170B0909-5F75-467F-9501-C99DEC16C6DC}.Debug-static|x64.ActiveCfg = Debug|x64
		{170B0909-5F75-467F-9501-C99DEC16C6DC}.Debug-static|x64.Build.0 = Debug|x64
		{170B0909-5F75-467F-9501-C99DEC16C6DC}.Debug-static|x86.ActiveCfg = Debug|Win32
		{170B0909-5F75-467F-9501-C99DEC16C6DC}.Debug-static|x86.Build.0 = Debug|Win32
		{170B0909-5F75-467F-9501-C99DEC16C6DC}.Release|Mixed Platforms.ActiveCfg = Release|Win32
		{170B0909-5F75-467F-9501-C99DEC16C6DC}.Release|Mixed Platforms.Build.0 = Release|Win32
		{170B0909-5F75-467F-9501-C99DEC16C6DC}.Release|Win32.ActiveCfg = Release|Win32
		{170B0909-5F75-467F-9501-C99DEC16C6DC}.Release|Win32.Build.0 = Release|Win32
		{170B0909-5F75-467F-9501-C99DEC16C6DC}.Release|x64.ActiveCfg = Release|x64
		{170B0909-5F75-467F-9501-C99DEC16C6DC}.Release|x64.Build.0 = Release|x64
		{170B0909-5F75-467F-9501-C99DEC16C6DC}.Release|x86.ActiveCfg = Release|Win32
		{170B0909-5F75-467F-9501-C99DEC16C6DC}.Release|x86.Build.0 = Release|Win32
		{170B0909-5F75-467F-9501-C99DEC16C6DC}.Release-static|Mixed Platforms.ActiveCfg = Release|Win32
		{170B0909-5F75-467F-9501-C99DEC16C6DC}.Release-static|Mixed Platforms.Build.0 = Release|Win32
		{170B0909-5F75-467F-9501-C99DEC16C6DC}.Release-static|Win32.ActiveCfg = Release|Win32
		{170B0909-5F75-467F-9501-C99DEC16C6DC}.Release-static|Win32.Build.0 = Release|Win32
		{170B0909-5F75-467F-9501-C99DEC16C6DC}.Release-static|x64.ActiveCfg = Release|x64
		{170B0909-5F75-467F-9501-C99DEC16C6DC}.Release-static|x64.Build.0 = Release|x64
		{170B0909-5F75-467F-9501-C99DEC16C6DC}.Release-static|x86.ActiveCfg = Release|Win32
		{170B0909-5F75-467F-9501-C99DEC16C6DC}.Release-static|x86.Build.0 = Release|Win32
		{8C07F811-C81C-432C-B334-1AE6FAECF951}.Debug|Mixed Platforms.ActiveCfg = Release|Win32
		{8C07F811-C81C-432C-B334-1AE6FAECF951}.Debug|Mixed Platforms.Build.0 = Release|Win32
		{8C07F811-C81C-432C-B334-1AE6FAECF951}.Debug|Win32.ActiveCfg = Debug|Win32
		{8C07F811-C81C-432C-B334-1AE6FAECF951}.Debug|Win32.Build.0 = Debug|Win32
		{8C07F811-C81C-432C-B334-1AE6FAECF951}.Debug|x64.ActiveCfg = Debug|x64
		{8C07F811-C81C-432C-B334-1AE6FAECF951}.Debug|x64.Build.0 = Debug|x64
		{8C07F811-C81C-432C-B334-1AE6FAECF951}.Debug|x86.ActiveCfg = Debug|Win32
		{8C07F811-C81C-432C-B334-1AE6FAECF951}.Debug|x86.Build.0 = Debug|Win32
		{8C07F811-C81C-432C-B334-1AE6FAECF951}.Debug-static|Mixed Platforms.ActiveCfg = Debug|Win32
		{8C07F811-C81C-432C-B334-1AE6FAECF951}.Debug-static|Mixed Platforms.Build.0 = Debug|Win32
		{8C07F811-C81C-432C-B334-1AE6FAECF951}.Debug-static|Win32.ActiveCfg = Debug|Win32
		{8C07F811-C81C-432C-B334-1AE6FAECF951}.Debug-static|Win32.Build.0 = Debug|Win32
		{8C07F811-C81C-432C-B334-1AE6FAECF951}.Debug-static|x64.ActiveCfg = Debug|x64
		{8C07F811-C81C-432C-B334-1AE6FAECF951}.Debug-static|x64.Build.0 = Debug|x64
		{8C07F811-C81C-432C-B334-1AE6FAECF951}.Debug-static|x86.ActiveCfg = Debug|Win32
		{8C07F811-C81C-432C-B334-1AE6FAECF951}.Debug-static|x86.Build.0 = Debug|Win32
		{8C07F811-C81C-432C-B334-1AE6FAECF951}.Release|Mixed Platforms.ActiveCfg = Release|Win32
		{8C07F811-C81C-432C-B334-1AE6FAECF951}.Release|Mixed Platforms.Build.0 = Release|Win32
		{8C07F811-C81C-432C-B334-1AE6FAECF951}.Release|Win32.ActiveCfg = Release|Win32
		{8C07F811-C81C-432C-B334-1AE6FAECF951}.Release|Win32.Build.0 = Release|Win32
		{8C07F811-C81C-432C-B334-1AE6FAECF951}.Release|x64.ActiveCfg = Release|x64
		{8C07F811-C81C-432C-B334-1AE6FAECF951}.Release|x64.Build.0 = Release|x64
		{8C07F811-C81C-432C-B334-1AE6FAECF951}.Release|x86.ActiveCfg = Release|Win32
		{8C07F811-C81C-432C-B334-1AE6FAECF951}.Release|x86.Build.0 = Release|Win32
		{8C07F811-C81C-432C-B334-1AE6FAECF951}.Release-static|Mixed Platforms.ActiveCfg = Release|Win32
		{8C07F811-C81C-432C-B334-1AE6FAECF951}.Release-static|Mixed Platforms.Build.0 = Release|Win32
		{8C07F811-C81C-432C-B334-1AE6FAECF951}.Release-static|Win32.ActiveCfg = Release|Win32
		{8C07F811-C81C-432C-B334-1AE6FAECF951}.Release-static|Win32.Build.0 = Release|Win32
		{8C07F811-C81C-432C-B334-1AE6FAECF951}.Release-static|x64.ActiveCfg = Release|x64
		{8C07F811-C81C-432C-B334-1AE6FAECF951}.Release-static|x64.Build.0 = Release|x64
		{8C07F811-C81C-432C-B334-1AE6FAECF951}.Release-static|x86.ActiveCfg = Release|Win32
		{8C07F811-C81C-432C-B334-1AE6FAECF951}.Release-static|x86.Build.0 = Release|Win32
		{8D6BB292-9E1C-413D-9F98-4864BDC1514A}.Debug|Mixed Platforms.ActiveCfg = Debug|Win32
		{8D6BB292-9E1C-413D-9F98-4864BDC1514A}.Debug|Mixed Platforms.Build.0 = Debug|Win32
		{8D6BB292-9E1C-413D-9F98-4864BDC1514A}.Debug|Win32.ActiveCfg = Debug|Win32
		{8D6BB292-9E1C-413D-9F98-4864BDC1514A}.Debug|Win32.Build.0 = Debug|Win32
		{8D6BB292-9E1C-413D-9F98-4864BDC1514A}.Debug|x64.ActiveCfg = Debug|x64
		{8D6BB292-9E1C-413D-9F98-4864BDC1514A}.Debug|x64.Build.0 = Debug|x64
		{8D6BB292-9E1C-413D-9F98-4864BDC1514A}.Debug|x86.ActiveCfg = Debug|Win32
		{8D6BB292-9E1C-413D-9F98-4864BDC1514A}.Debug|x86.Build.0 = Debug|Win32
		{8D6BB292-9E1C-413D-9F98-4864BDC1514A}.Debug-static|Mixed Platforms.ActiveCfg = Debug-static|Win32
		{8D6BB292-9E1C-413D-9F98-4864BDC1514A}.Debug-static|Mixed Platforms.Build.0 = Debug-static|Win32
		{8D6BB292-9E1C-413D-9F98-4864BDC1514A}.Debug-static|Win32.ActiveCfg = Debug-static|Win32
		{8D6BB292-9E1C-413D-9F98-4864BDC1514A}.Debug-static|Win32.Build.0 = Debug-static|Win32
		{8D6BB292-9E1C-413D-9F98-4864BDC1514A}.Debug-static|x64.ActiveCfg = Debug-static|x64
		{8D6BB292-9E1C-413D-9F98-4864BDC1514A}.Debug-static|x64.Build.0 = Debug-static|x64
		{8D6BB292-9E1C-413D-9F98-4864BDC1514A}.Debug-static|x86.ActiveCfg = Debug-static|Win32
		{8D6BB292-9E1C-413D-9F98-4864BDC1514A}.Debug-static|x86.Build.0 = Debug-static|Win32
		{8D6BB292-9E1C-413D-9F98-4864BDC1514A}.Release|Mixed Platforms.ActiveCfg = Release|Win32
		{8D6BB292-9E1C-413D-9F98-4864BDC1514A}.Release|Mixed Platforms.Build.0 = Release|Win32
		{8D6BB292-9E1C-413D-9F98-4864BDC1514A}.Release|Win32.ActiveCfg = Release|Win32
		{8D6BB292-9E1C-413D-9F98-4864BDC1514A}.Release|Win32.Build.0 = Release|Win32
		{8D6BB292-9E1C-413D-9F98-4864BDC1514A}.Release|x64.ActiveCfg = Release|x64
		{8D6BB292-9E1C-413D-9F98-4864BDC1514A}.Release|x64.Build.0 = Release|x64
		{8D6BB292-9E1C-413D-9F98-4864BDC1514A}.Release|x86.ActiveCfg = Release|Win32
		{8D6BB292-9E1C-413D-9F98-4864BDC1514A}.Release|x86.Build.0 = Release|Win32
		{8D6BB292-9E1C-413D-9F98-4864BDC1514A}.Release-static|Mixed Platforms.ActiveCfg = Release-static|Win32
		{8D6BB292-9E1C-413D-9F98-4864BDC1514A}.Release-static|Mixed Platforms.Build.0 = Release-static|Win32
		{8D6BB292-9E1C-413D-9F98-4864BDC1514A}.Release-static|Win32.ActiveCfg = Release-static|Win32
		{8D6BB292-9E1C-413D-9F98-4864BDC1514A}.Release-static|Win32.Build.0 = Release-static|Win32
		{8D6BB292-9E1C-413D-9F98-4864BDC1514A}.Release-static|x64.ActiveCfg = Release-static|x64
		{8D6BB292-9E1C-413D-9F98-4864BDC1514A}.Release-static|x64.Build.0 = Release-static|x64
		{8D6BB292-9E1C-413D-9F98-4864BDC1514A}.Release-static|x86.ActiveCfg = Release-static|Win32
		{8D6BB292-9E1C-413D-9F98-4864BDC1514A}.Release-static|x86.Build.0 = Release-static|Win32
	EndGlobalSection
	GlobalSection(SolutionProperties) = preSolution
		HideSolutionNode = FALSE
	EndGlobalSection
	GlobalSection(ExtensibilityGlobals) = postSolution
		SolutionGuid = {5698B266-499D-48CD-8488-5FF35FF5C30A}
	EndGlobalSection
EndGlobal
